
Microsoft Visual Studio Solution File, Format Version 12.00
# Visual Studio Version 17
VisualStudioVersion = 17.8.34511.84
MinimumVisualStudioVersion = 10.0.40219.1
Project("{FAE04EC0-301F-11D3-BF4B-00C04F79EFBC}") = "JobSightLib", "JobSightLib\JobSightLib.csproj", "{075F431F-80D8-4DDB-9DEE-8359353AA377}"
EndProject
Project("{9A19103F-16F7-4668-BE54-9A1E7A4F7556}") = "API", "API\API.csproj", "{B56C11F2-799D-453C-9F1C-E86E9AF9C2CE}"
EndProject
Project("{FAE04EC0-301F-11D3-BF4B-00C04F79EFBC}") = "ManagementApp", "ManagementApp\ManagementApp.csproj", "{EB7168DA-2622-49C5-BEF5-23F6C7048668}"
EndProject
Global
	GlobalSection(SolutionConfigurationPlatforms) = preSolution
		Debug|Any CPU = Debug|Any CPU
		Release|Any CPU = Release|Any CPU
	EndGlobalSection
	GlobalSection(ProjectConfigurationPlatforms) = postSolution
		{075F431F-80D8-4DDB-9DEE-8359353AA377}.Debug|Any CPU.ActiveCfg = Debug|Any CPU
		{075F431F-80D8-4DDB-9DEE-8359353AA377}.Debug|Any CPU.Build.0 = Debug|Any CPU
		{075F431F-80D8-4DDB-9DEE-8359353AA377}.Release|Any CPU.ActiveCfg = Release|Any CPU
		{075F431F-80D8-4DDB-9DEE-8359353AA377}.Release|Any CPU.Build.0 = Release|Any CPU
		{B56C11F2-799D-453C-9F1C-E86E9AF9C2CE}.Debug|Any CPU.ActiveCfg = Debug|Any CPU
		{B56C11F2-799D-453C-9F1C-E86E9AF9C2CE}.Debug|Any CPU.Build.0 = Debug|Any CPU
		{B56C11F2-799D-453C-9F1C-E86E9AF9C2CE}.Release|Any CPU.ActiveCfg = Release|Any CPU
		{B56C11F2-799D-453C-9F1C-E86E9AF9C2CE}.Release|Any CPU.Build.0 = Release|Any CPU
		{EB7168DA-2622-49C5-BEF5-23F6C7048668}.Debug|Any CPU.ActiveCfg = Debug|Any CPU
		{EB7168DA-2622-49C5-BEF5-23F6C7048668}.Debug|Any CPU.Build.0 = Debug|Any CPU
		{EB7168DA-2622-49C5-BEF5-23F6C7048668}.Release|Any CPU.ActiveCfg = Release|Any CPU
		{EB7168DA-2622-49C5-BEF5-23F6C7048668}.Release|Any CPU.Build.0 = Release|Any CPU
	EndGlobalSection
	GlobalSection(SolutionProperties) = preSolution
		HideSolutionNode = FALSE
	EndGlobalSection
	GlobalSection(ExtensibilityGlobals) = postSolution
		SolutionGuid = {F71FF102-0B9D-4D91-A94C-88CC15727905}
	EndGlobalSection
EndGlobal
